
Microsoft Visual Studio Solution File, Format Version 12.00
# Visual Studio 15
VisualStudioVersion = 15.0.28307.779
MinimumVisualStudioVersion = 10.0.40219.1
Project("{FAE04EC0-301F-11D3-BF4B-00C04F79EFBC}") = "HRCMR_UI", "HRCMR\HRCMR_UI.csproj", "{F2095DA4-D886-4E7B-B5FE-C8500B8EE5CD}"
EndProject
Project("{FAE04EC0-301F-11D3-BF4B-00C04F79EFBC}") = "DAL", "DAL\DAL.csproj", "{EB9DFF03-9760-4F46-A27F-DECE1A0E2821}"
EndProject
Project("{FAE04EC0-301F-11D3-BF4B-00C04F79EFBC}") = "BLL", "BLL\BLL.csproj", "{1590AED2-AE93-45E7-A593-A8CBD7ED925A}"
EndProject
Project("{FAE04EC0-301F-11D3-BF4B-00C04F79EFBC}") = "MODEL", "MODEL\MODEL.csproj", "{9717CEF4-46BE-42B8-848A-917D92864536}"
EndProject
Global
	GlobalSection(SolutionConfigurationPlatforms) = preSolution
		Debug|Any CPU = Debug|Any CPU
		Release|Any CPU = Release|Any CPU
	EndGlobalSection
	GlobalSection(ProjectConfigurationPlatforms) = postSolution
		{F2095DA4-D886-4E7B-B5FE-C8500B8EE5CD}.Debug|Any CPU.ActiveCfg = Debug|Any CPU
		{F2095DA4-D886-4E7B-B5FE-C8500B8EE5CD}.Debug|Any CPU.Build.0 = Debug|Any CPU
		{F2095DA4-D886-4E7B-B5FE-C8500B8EE5CD}.Release|Any CPU.ActiveCfg = Release|Any CPU
		{F2095DA4-D886-4E7B-B5FE-C8500B8EE5CD}.Release|Any CPU.Build.0 = Release|Any CPU
		{EB9DFF03-9760-4F46-A27F-DECE1A0E2821}.Debug|Any CPU.ActiveCfg = Debug|Any CPU
		{EB9DFF03-9760-4F46-A27F-DECE1A0E2821}.Debug|Any CPU.Build.0 = Debug|Any CPU
		{EB9DFF03-9760-4F46-A27F-DECE1A0E2821}.Release|Any CPU.ActiveCfg = Release|Any CPU
		{EB9DFF03-9760-4F46-A27F-DECE1A0E2821}.Release|Any CPU.Build.0 = Release|Any CPU
		{1590AED2-AE93-45E7-A593-A8CBD7ED925A}.Debug|Any CPU.ActiveCfg = Debug|Any CPU
		{1590AED2-AE93-45E7-A593-A8CBD7ED925A}.Debug|Any CPU.Build.0 = Debug|Any CPU
		{1590AED2-AE93-45E7-A593-A8CBD7ED925A}.Release|Any CPU.ActiveCfg = Release|Any CPU
		{1590AED2-AE93-45E7-A593-A8CBD7ED925A}.Release|Any CPU.Build.0 = Release|Any CPU
		{9717CEF4-46BE-42B8-848A-917D92864536}.Debug|Any CPU.ActiveCfg = Debug|Any CPU
		{9717CEF4-46BE-42B8-848A-917D92864536}.Debug|Any CPU.Build.0 = Debug|Any CPU
		{9717CEF4-46BE-42B8-848A-917D92864536}.Release|Any CPU.ActiveCfg = Release|Any CPU
		{9717CEF4-46BE-42B8-848A-917D92864536}.Release|Any CPU.Build.0 = Release|Any CPU
	EndGlobalSection
	GlobalSection(SolutionProperties) = preSolution
		HideSolutionNode = FALSE
	EndGlobalSection
	GlobalSection(ExtensibilityGlobals) = postSolution
		SolutionGuid = {7A008495-320E-4CF1-A17E-3F113FD38F0D}
	EndGlobalSection
EndGlobal
